{
  "object": {
    "pins": [
      {
        "package": "URLImage",
        "repositoryURL": "https://github.com/dmytro-anokhin/url-image.git",
        "state": {
          "branch": null,
          "revision": "c8cbd3c7253fca8619f8fe76b60b4fc22ec69746",
          "version": "0.6.1"
        }
      }
    ]
  },
  "version": 1
}
