// !$*UTF8*$!
{
	archiveVersion = 1;
	classes = {
	};
	objectVersion = 52;
	objects = {

/* Begin PBXBuildFile section */
		FA28D515231D6CE400780A42 /* AppDelegate.swift in Sources */ = {isa = PBXBuildFile; fileRef = FA28D514231D6CE400780A42 /* AppDelegate.swift */; };
		FA28D517231D6CE400780A42 /* SceneDelegate.swift in Sources */ = {isa = PBXBuildFile; fileRef = FA28D516231D6CE400780A42 /* SceneDelegate.swift */; };
		FA28D519231D6CE400780A42 /* TabController.swift in Sources */ = {isa = PBXBuildFile; fileRef = FA28D518231D6CE400780A42 /* TabController.swift */; };
		FA28D535231DB56600780A42 /* HomePageView.swift in Sources */ = {isa = PBXBuildFile; fileRef = FA28D534231DB56600780A42 /* HomePageView.swift */; };
		FA28D536231DB63700780A42 /* Assets.xcassets in Resources */ = {isa = PBXBuildFile; fileRef = FA28D51A231D6CE700780A42 /* Assets.xcassets */; };
		FA28D537231DB63A00780A42 /* Preview Assets.xcassets in Resources */ = {isa = PBXBuildFile; fileRef = FA28D51D231D6CE700780A42 /* Preview Assets.xcassets */; };
		FA28D539231DC50300780A42 /* TweetModel.swift in Sources */ = {isa = PBXBuildFile; fileRef = FA28D538231DC50300780A42 /* TweetModel.swift */; };
		FA28D53B231E47C500780A42 /* beta-warning.png in Resources */ = {isa = PBXBuildFile; fileRef = FA28D53A231E47C500780A42 /* beta-warning.png */; };
		FA28D53D231E5CA400780A42 /* TweetView.swift in Sources */ = {isa = PBXBuildFile; fileRef = FA28D53C231E5CA400780A42 /* TweetView.swift */; };
		FA28D540231E6BDA00780A42 /* TweetViewModel.swift in Sources */ = {isa = PBXBuildFile; fileRef = FA28D53F231E6BDA00780A42 /* TweetViewModel.swift */; };
		FA28D542231E6F7F00780A42 /* HelperFunctions.swift in Sources */ = {isa = PBXBuildFile; fileRef = FA28D541231E6F7F00780A42 /* HelperFunctions.swift */; };
		FA28D545231EBC5500780A42 /* URLImage in Frameworks */ = {isa = PBXBuildFile; productRef = FA28D544231EBC5500780A42 /* URLImage */; };
/* End PBXBuildFile section */

/* Begin PBXFileReference section */
		FA28D511231D6CE400780A42 /* Mamoot!.app */ = {isa = PBXFileReference; explicitFileType = wrapper.application; includeInIndex = 0; path = "Mamoot!.app"; sourceTree = BUILT_PRODUCTS_DIR; };
		FA28D514231D6CE400780A42 /* AppDelegate.swift */ = {isa = PBXFileReference; lastKnownFileType = sourcecode.swift; path = AppDelegate.swift; sourceTree = "<group>"; };
		FA28D516231D6CE400780A42 /* SceneDelegate.swift */ = {isa = PBXFileReference; lastKnownFileType = sourcecode.swift; path = SceneDelegate.swift; sourceTree = "<group>"; };
		FA28D518231D6CE400780A42 /* TabController.swift */ = {isa = PBXFileReference; lastKnownFileType = sourcecode.swift; path = TabController.swift; sourceTree = "<group>"; };
		FA28D51A231D6CE700780A42 /* Assets.xcassets */ = {isa = PBXFileReference; lastKnownFileType = folder.assetcatalog; path = Assets.xcassets; sourceTree = "<group>"; };
		FA28D51D231D6CE700780A42 /* Preview Assets.xcassets */ = {isa = PBXFileReference; lastKnownFileType = folder.assetcatalog; path = "Preview Assets.xcassets"; sourceTree = "<group>"; };
		FA28D520231D6CE700780A42 /* Base */ = {isa = PBXFileReference; lastKnownFileType = file.storyboard; name = Base; path = Base.lproj/LaunchScreen.storyboard; sourceTree = "<group>"; };
		FA28D522231D6CE700780A42 /* Info.plist */ = {isa = PBXFileReference; lastKnownFileType = text.plist.xml; path = Info.plist; sourceTree = "<group>"; };
		FA28D528231D6DB400780A42 /* README.md */ = {isa = PBXFileReference; lastKnownFileType = net.daringfireball.markdown; path = README.md; sourceTree = "<group>"; };
		FA28D52A231D70D200780A42 /* beta-warning.svg */ = {isa = PBXFileReference; fileEncoding = 4; lastKnownFileType = text.xml; path = "beta-warning.svg"; sourceTree = "<group>"; };
		FA28D52C231D7E8500780A42 /* logo.svg */ = {isa = PBXFileReference; fileEncoding = 4; lastKnownFileType = text.xml; path = logo.svg; sourceTree = "<group>"; };
		FA28D534231DB56600780A42 /* HomePageView.swift */ = {isa = PBXFileReference; lastKnownFileType = sourcecode.swift; path = HomePageView.swift; sourceTree = "<group>"; };
		FA28D538231DC50300780A42 /* TweetModel.swift */ = {isa = PBXFileReference; lastKnownFileType = sourcecode.swift; path = TweetModel.swift; sourceTree = "<group>"; };
		FA28D53A231E47C500780A42 /* beta-warning.png */ = {isa = PBXFileReference; lastKnownFileType = image.png; path = "beta-warning.png"; sourceTree = "<group>"; };
		FA28D53C231E5CA400780A42 /* TweetView.swift */ = {isa = PBXFileReference; lastKnownFileType = sourcecode.swift; path = TweetView.swift; sourceTree = "<group>"; };
		FA28D53F231E6BDA00780A42 /* TweetViewModel.swift */ = {isa = PBXFileReference; lastKnownFileType = sourcecode.swift; path = TweetViewModel.swift; sourceTree = "<group>"; };
		FA28D541231E6F7F00780A42 /* HelperFunctions.swift */ = {isa = PBXFileReference; lastKnownFileType = sourcecode.swift; path = HelperFunctions.swift; sourceTree = "<group>"; };
/* End PBXFileReference section */

/* Begin PBXFrameworksBuildPhase section */
		FA28D50E231D6CE400780A42 /* Frameworks */ = {
			isa = PBXFrameworksBuildPhase;
			buildActionMask = 2147483647;
			files = (
				FA28D545231EBC5500780A42 /* URLImage in Frameworks */,
			);
			runOnlyForDeploymentPostprocessing = 0;
		};
/* End PBXFrameworksBuildPhase section */

/* Begin PBXGroup section */
		FA28D508231D6CE400780A42 = {
			isa = PBXGroup;
			children = (
				FA28D529231D70D200780A42 /* assets */,
				FA28D528231D6DB400780A42 /* README.md */,
				FA28D513231D6CE400780A42 /* Mamoot! */,
				FA28D512231D6CE400780A42 /* Products */,
			);
			sourceTree = "<group>";
		};
		FA28D512231D6CE400780A42 /* Products */ = {
			isa = PBXGroup;
			children = (
				FA28D511231D6CE400780A42 /* Mamoot!.app */,
			);
			name = Products;
			sourceTree = "<group>";
		};
		FA28D513231D6CE400780A42 /* Mamoot! */ = {
			isa = PBXGroup;
			children = (
				FA28D52E231DB53B00780A42 /* Models */,
				FA28D53E231E6BCD00780A42 /* ViewModels */,
				FA28D530231DB53C00780A42 /* Views */,
				FA28D541231E6F7F00780A42 /* HelperFunctions.swift */,
				FA28D514231D6CE400780A42 /* AppDelegate.swift */,
				FA28D516231D6CE400780A42 /* SceneDelegate.swift */,
				FA28D518231D6CE400780A42 /* TabController.swift */,
				FA28D51A231D6CE700780A42 /* Assets.xcassets */,
				FA28D51F231D6CE700780A42 /* LaunchScreen.storyboard */,
				FA28D522231D6CE700780A42 /* Info.plist */,
				FA28D51C231D6CE700780A42 /* Preview Content */,
			);
			path = "Mamoot!";
			sourceTree = "<group>";
		};
		FA28D51C231D6CE700780A42 /* Preview Content */ = {
			isa = PBXGroup;
			children = (
				FA28D51D231D6CE700780A42 /* Preview Assets.xcassets */,
			);
			path = "Preview Content";
			sourceTree = "<group>";
		};
		FA28D529231D70D200780A42 /* assets */ = {
			isa = PBXGroup;
			children = (
				FA28D53A231E47C500780A42 /* beta-warning.png */,
				FA28D52C231D7E8500780A42 /* logo.svg */,
				FA28D52A231D70D200780A42 /* beta-warning.svg */,
			);
			path = assets;
			sourceTree = "<group>";
		};
		FA28D52E231DB53B00780A42 /* Models */ = {
			isa = PBXGroup;
			children = (
				FA28D538231DC50300780A42 /* TweetModel.swift */,
			);
			path = Models;
			sourceTree = "<group>";
		};
		FA28D530231DB53C00780A42 /* Views */ = {
			isa = PBXGroup;
			children = (
				FA28D534231DB56600780A42 /* HomePageView.swift */,
				FA28D53C231E5CA400780A42 /* TweetView.swift */,
			);
			path = Views;
			sourceTree = "<group>";
		};
		FA28D53E231E6BCD00780A42 /* ViewModels */ = {
			isa = PBXGroup;
			children = (
				FA28D53F231E6BDA00780A42 /* TweetViewModel.swift */,
			);
			path = ViewModels;
			sourceTree = "<group>";
		};
/* End PBXGroup section */

/* Begin PBXNativeTarget section */
		FA28D510231D6CE400780A42 /* Mamoot! */ = {
			isa = PBXNativeTarget;
			buildConfigurationList = FA28D525231D6CE700780A42 /* Build configuration list for PBXNativeTarget "Mamoot!" */;
			buildPhases = (
				FA28D50D231D6CE400780A42 /* Sources */,
				FA28D50E231D6CE400780A42 /* Frameworks */,
				FA28D50F231D6CE400780A42 /* Resources */,
			);
			buildRules = (
			);
			dependencies = (
			);
			name = "Mamoot!";
			packageProductDependencies = (
				FA28D544231EBC5500780A42 /* URLImage */,
			);
			productName = "Mamoot!";
			productReference = FA28D511231D6CE400780A42 /* Mamoot!.app */;
			productType = "com.apple.product-type.application";
		};
/* End PBXNativeTarget section */

/* Begin PBXProject section */
		FA28D509231D6CE400780A42 /* Project object */ = {
			isa = PBXProject;
			attributes = {
				LastSwiftUpdateCheck = 1100;
				LastUpgradeCheck = 1100;
				ORGANIZATIONNAME = "Semiak & JoeyPi";
				TargetAttributes = {
					FA28D510231D6CE400780A42 = {
						CreatedOnToolsVersion = 11.0;
					};
				};
			};
			buildConfigurationList = FA28D50C231D6CE400780A42 /* Build configuration list for PBXProject "Mamoot!" */;
			compatibilityVersion = "Xcode 9.3";
			developmentRegion = en;
			hasScannedForEncodings = 0;
			knownRegions = (
				en,
				Base,
			);
			mainGroup = FA28D508231D6CE400780A42;
			packageReferences = (
				FA28D543231EBC5500780A42 /* XCRemoteSwiftPackageReference "url-image" */,
			);
			productRefGroup = FA28D512231D6CE400780A42 /* Products */;
			projectDirPath = "";
			projectRoot = "";
			targets = (
				FA28D510231D6CE400780A42 /* Mamoot! */,
			);
		};
/* End PBXProject section */

/* Begin PBXResourcesBuildPhase section */
		FA28D50F231D6CE400780A42 /* Resources */ = {
			isa = PBXResourcesBuildPhase;
			buildActionMask = 2147483647;
			files = (
				FA28D53B231E47C500780A42 /* beta-warning.png in Resources */,
				FA28D537231DB63A00780A42 /* Preview Assets.xcassets in Resources */,
				FA28D536231DB63700780A42 /* Assets.xcassets in Resources */,
			);
			runOnlyForDeploymentPostprocessing = 0;
		};
/* End PBXResourcesBuildPhase section */

/* Begin PBXSourcesBuildPhase section */
		FA28D50D231D6CE400780A42 /* Sources */ = {
			isa = PBXSourcesBuildPhase;
			buildActionMask = 2147483647;
			files = (
				FA28D515231D6CE400780A42 /* AppDelegate.swift in Sources */,
				FA28D542231E6F7F00780A42 /* HelperFunctions.swift in Sources */,
				FA28D540231E6BDA00780A42 /* TweetViewModel.swift in Sources */,
				FA28D539231DC50300780A42 /* TweetModel.swift in Sources */,
				FA28D517231D6CE400780A42 /* SceneDelegate.swift in Sources */,
				FA28D535231DB56600780A42 /* HomePageView.swift in Sources */,
				FA28D53D231E5CA400780A42 /* TweetView.swift in Sources */,
				FA28D519231D6CE400780A42 /* TabController.swift in Sources */,
			);
			runOnlyForDeploymentPostprocessing = 0;
		};
/* End PBXSourcesBuildPhase section */

/* Begin PBXVariantGroup section */
		FA28D51F231D6CE700780A42 /* LaunchScreen.storyboard */ = {
			isa = PBXVariantGroup;
			children = (
				FA28D520231D6CE700780A42 /* Base */,
			);
			name = LaunchScreen.storyboard;
			sourceTree = "<group>";
		};
/* End PBXVariantGroup section */

/* Begin XCBuildConfiguration section */
		FA28D523231D6CE700780A42 /* Debug */ = {
			isa = XCBuildConfiguration;
			buildSettings = {
				ALWAYS_SEARCH_USER_PATHS = NO;
				CLANG_ANALYZER_NONNULL = YES;
				CLANG_ANALYZER_NUMBER_OBJECT_CONVERSION = YES_AGGRESSIVE;
				CLANG_CXX_LANGUAGE_STANDARD = "gnu++14";
				CLANG_CXX_LIBRARY = "libc++";
				CLANG_ENABLE_MODULES = YES;
				CLANG_ENABLE_OBJC_ARC = YES;
				CLANG_ENABLE_OBJC_WEAK = YES;
				CLANG_WARN_BLOCK_CAPTURE_AUTORELEASING = YES;
				CLANG_WARN_BOOL_CONVERSION = YES;
				CLANG_WARN_COMMA = YES;
				CLANG_WARN_CONSTANT_CONVERSION = YES;
				CLANG_WARN_DEPRECATED_OBJC_IMPLEMENTATIONS = YES;
				CLANG_WARN_DIRECT_OBJC_ISA_USAGE = YES_ERROR;
				CLANG_WARN_DOCUMENTATION_COMMENTS = YES;
				CLANG_WARN_EMPTY_BODY = YES;
				CLANG_WARN_ENUM_CONVERSION = YES;
				CLANG_WARN_INFINITE_RECURSION = YES;
				CLANG_WARN_INT_CONVERSION = YES;
				CLANG_WARN_NON_LITERAL_NULL_CONVERSION = YES;
				CLANG_WARN_OBJC_IMPLICIT_RETAIN_SELF = YES;
				CLANG_WARN_OBJC_LITERAL_CONVERSION = YES;
				CLANG_WARN_OBJC_ROOT_CLASS = YES_ERROR;
				CLANG_WARN_RANGE_LOOP_ANALYSIS = YES;
				CLANG_WARN_STRICT_PROTOTYPES = YES;
				CLANG_WARN_SUSPICIOUS_MOVE = YES;
				CLANG_WARN_UNGUARDED_AVAILABILITY = YES_AGGRESSIVE;
				CLANG_WARN_UNREACHABLE_CODE = YES;
				CLANG_WARN__DUPLICATE_METHOD_MATCH = YES;
				COPY_PHASE_STRIP = NO;
				DEBUG_INFORMATION_FORMAT = dwarf;
				ENABLE_STRICT_OBJC_MSGSEND = YES;
				ENABLE_TESTABILITY = YES;
				GCC_C_LANGUAGE_STANDARD = gnu11;
				GCC_DYNAMIC_NO_PIC = NO;
				GCC_NO_COMMON_BLOCKS = YES;
				GCC_OPTIMIZATION_LEVEL = 0;
				GCC_PREPROCESSOR_DEFINITIONS = (
					"DEBUG=1",
					"$(inherited)",
				);
				GCC_WARN_64_TO_32_BIT_CONVERSION = YES;
				GCC_WARN_ABOUT_RETURN_TYPE = YES_ERROR;
				GCC_WARN_UNDECLARED_SELECTOR = YES;
				GCC_WARN_UNINITIALIZED_AUTOS = YES_AGGRESSIVE;
				GCC_WARN_UNUSED_FUNCTION = YES;
				GCC_WARN_UNUSED_VARIABLE = YES;
				IPHONEOS_DEPLOYMENT_TARGET = 13.0;
				MTL_ENABLE_DEBUG_INFO = INCLUDE_SOURCE;
				MTL_FAST_MATH = YES;
				ONLY_ACTIVE_ARCH = YES;
				SDKROOT = iphoneos;
				SWIFT_ACTIVE_COMPILATION_CONDITIONS = DEBUG;
				SWIFT_OPTIMIZATION_LEVEL = "-Onone";
			};
			name = Debug;
		};
		FA28D524231D6CE700780A42 /* Release */ = {
			isa = XCBuildConfiguration;
			buildSettings = {
				ALWAYS_SEARCH_USER_PATHS = NO;
				CLANG_ANALYZER_NONNULL = YES;
				CLANG_ANALYZER_NUMBER_OBJECT_CONVERSION = YES_AGGRESSIVE;
				CLANG_CXX_LANGUAGE_STANDARD = "gnu++14";
				CLANG_CXX_LIBRARY = "libc++";
				CLANG_ENABLE_MODULES = YES;
				CLANG_ENABLE_OBJC_ARC = YES;
				CLANG_ENABLE_OBJC_WEAK = YES;
				CLANG_WARN_BLOCK_CAPTURE_AUTORELEASING = YES;
				CLANG_WARN_BOOL_CONVERSION = YES;
				CLANG_WARN_COMMA = YES;
				CLANG_WARN_CONSTANT_CONVERSION = YES;
				CLANG_WARN_DEPRECATED_OBJC_IMPLEMENTATIONS = YES;
				CLANG_WARN_DIRECT_OBJC_ISA_USAGE = YES_ERROR;
				CLANG_WARN_DOCUMENTATION_COMMENTS = YES;
				CLANG_WARN_EMPTY_BODY = YES;
				CLANG_WARN_ENUM_CONVERSION = YES;
				CLANG_WARN_INFINITE_RECURSION = YES;
				CLANG_WARN_INT_CONVERSION = YES;
				CLANG_WARN_NON_LITERAL_NULL_CONVERSION = YES;
				CLANG_WARN_OBJC_IMPLICIT_RETAIN_SELF = YES;
				CLANG_WARN_OBJC_LITERAL_CONVERSION = YES;
				CLANG_WARN_OBJC_ROOT_CLASS = YES_ERROR;
				CLANG_WARN_RANGE_LOOP_ANALYSIS = YES;
				CLANG_WARN_STRICT_PROTOTYPES = YES;
				CLANG_WARN_SUSPICIOUS_MOVE = YES;
				CLANG_WARN_UNGUARDED_AVAILABILITY = YES_AGGRESSIVE;
				CLANG_WARN_UNREACHABLE_CODE = YES;
				CLANG_WARN__DUPLICATE_METHOD_MATCH = YES;
				COPY_PHASE_STRIP = NO;
				DEBUG_INFORMATION_FORMAT = "dwarf-with-dsym";
				ENABLE_NS_ASSERTIONS = NO;
				ENABLE_STRICT_OBJC_MSGSEND = YES;
				GCC_C_LANGUAGE_STANDARD = gnu11;
				GCC_NO_COMMON_BLOCKS = YES;
				GCC_WARN_64_TO_32_BIT_CONVERSION = YES;
				GCC_WARN_ABOUT_RETURN_TYPE = YES_ERROR;
				GCC_WARN_UNDECLARED_SELECTOR = YES;
				GCC_WARN_UNINITIALIZED_AUTOS = YES_AGGRESSIVE;
				GCC_WARN_UNUSED_FUNCTION = YES;
				GCC_WARN_UNUSED_VARIABLE = YES;
				IPHONEOS_DEPLOYMENT_TARGET = 13.0;
				MTL_ENABLE_DEBUG_INFO = NO;
				MTL_FAST_MATH = YES;
				SDKROOT = iphoneos;
				SWIFT_COMPILATION_MODE = wholemodule;
				SWIFT_OPTIMIZATION_LEVEL = "-O";
				VALIDATE_PRODUCT = YES;
			};
			name = Release;
		};
		FA28D526231D6CE700780A42 /* Debug */ = {
			isa = XCBuildConfiguration;
			buildSettings = {
				ASSETCATALOG_COMPILER_APPICON_NAME = AppIcon;
				CODE_SIGN_STYLE = Automatic;
				DEVELOPMENT_ASSET_PATHS = "\"Mamoot!/Preview Content\"";
				DEVELOPMENT_TEAM = Z2RTAGA7V9;
				ENABLE_PREVIEWS = YES;
				INFOPLIST_FILE = "Mamoot!/Info.plist";
				LD_RUNPATH_SEARCH_PATHS = (
					"$(inherited)",
					"@executable_path/Frameworks",
				);
				PRODUCT_BUNDLE_IDENTIFIER = com.mamoot.Mamoot;
				PRODUCT_NAME = "$(TARGET_NAME)";
				SWIFT_VERSION = 5.0;
				TARGETED_DEVICE_FAMILY = "1,2";
			};
			name = Debug;
		};
		FA28D527231D6CE700780A42 /* Release */ = {
			isa = XCBuildConfiguration;
			buildSettings = {
				ASSETCATALOG_COMPILER_APPICON_NAME = AppIcon;
				CODE_SIGN_STYLE = Automatic;
				DEVELOPMENT_ASSET_PATHS = "\"Mamoot!/Preview Content\"";
				DEVELOPMENT_TEAM = Z2RTAGA7V9;
				ENABLE_PREVIEWS = YES;
				INFOPLIST_FILE = "Mamoot!/Info.plist";
				LD_RUNPATH_SEARCH_PATHS = (
					"$(inherited)",
					"@executable_path/Frameworks",
				);
				PRODUCT_BUNDLE_IDENTIFIER = com.mamoot.Mamoot;
				PRODUCT_NAME = "$(TARGET_NAME)";
				SWIFT_VERSION = 5.0;
				TARGETED_DEVICE_FAMILY = "1,2";
			};
			name = Release;
		};
/* End XCBuildConfiguration section */

/* Begin XCConfigurationList section */
		FA28D50C231D6CE400780A42 /* Build configuration list for PBXProject "Mamoot!" */ = {
			isa = XCConfigurationList;
			buildConfigurations = (
				FA28D523231D6CE700780A42 /* Debug */,
				FA28D524231D6CE700780A42 /* Release */,
			);
			defaultConfigurationIsVisible = 0;
			defaultConfigurationName = Release;
		};
		FA28D525231D6CE700780A42 /* Build configuration list for PBXNativeTarget "Mamoot!" */ = {
			isa = XCConfigurationList;
			buildConfigurations = (
				FA28D526231D6CE700780A42 /* Debug */,
				FA28D527231D6CE700780A42 /* Release */,
			);
			defaultConfigurationIsVisible = 0;
			defaultConfigurationName = Release;
		};
/* End XCConfigurationList section */

/* Begin XCRemoteSwiftPackageReference section */
		FA28D543231EBC5500780A42 /* XCRemoteSwiftPackageReference "url-image" */ = {
			isa = XCRemoteSwiftPackageReference;
			repositoryURL = "https://github.com/dmytro-anokhin/url-image.git";
			requirement = {
				kind = upToNextMajorVersion;
				minimumVersion = 0.6.1;
			};
		};
/* End XCRemoteSwiftPackageReference section */

/* Begin XCSwiftPackageProductDependency section */
		FA28D544231EBC5500780A42 /* URLImage */ = {
			isa = XCSwiftPackageProductDependency;
			package = FA28D543231EBC5500780A42 /* XCRemoteSwiftPackageReference "url-image" */;
			productName = URLImage;
		};
/* End XCSwiftPackageProductDependency section */
	};
	rootObject = FA28D509231D6CE400780A42 /* Project object */;
}
